PODS:
  - GoogleMaps (3.5.0):
    - GoogleMaps/Maps (= 3.5.0)
  - GoogleMaps/Base (3.5.0)
  - GoogleMaps/Maps (3.5.0):
    - GoogleMaps/Base

DEPENDENCIES:
  - GoogleMaps (~> 3.5.0)

SPEC REPOS:
  trunk:
    - GoogleMaps

SPEC CHECKSUMS:
  GoogleMaps: 32ca02de09de357a10ac773f2c70f1986751392d

PODFILE CHECKSUM: b30ce97abc1310cbfe573b9f7cedbd40747e5d84

COCOAPODS: 1.8.4
