// !$*UTF8*$!
{
	archiveVersion = 1;
	classes = {
	};
	objectVersion = 51;
	objects = {

/* Begin PBXBuildFile section */
		06AE230F366422A113A9D8FC /* Pods_GMapUtils.framework in Frameworks */ = {isa = PBXBuildFile; fileRef = 1329E982EC5A5A4F845F598A /* Pods_GMapUtils.framework */; };
		64363E97F10402196907A18D /* Pods_GMapUtils_GMapUtilsTests.framework in Frameworks */ = {isa = PBXBuildFile; fileRef = 776113DC1114C34ED67D5996 /* Pods_GMapUtils_GMapUtilsTests.framework */; };
		F16C956C23D5ABD4002A7726 /* GMapUtils.framework in Frameworks */ = {isa = PBXBuildFile; fileRef = F16C956223D5ABD3002A7726 /* GMapUtils.framework */; };
		F16C957123D5ABD4002A7726 /* GMapUtilsTests.swift in Sources */ = {isa = PBXBuildFile; fileRef = F16C957023D5ABD4002A7726 /* GMapUtilsTests.swift */; };
		F16C957323D5ABD4002A7726 /* GMapUtils.h in Headers */ = {isa = PBXBuildFile; fileRef = F16C956523D5ABD3002A7726 /* GMapUtils.h */; settings = {ATTRIBUTES = (Public, ); }; };
		F16C95CE23D5AC19002A7726 /* GQTPointQuadTree.m in Sources */ = {isa = PBXBuildFile; fileRef = F16C958523D5AC18002A7726 /* GQTPointQuadTree.m */; };
		F16C95CF23D5AC19002A7726 /* GQTPointQuadTreeItem.h in Headers */ = {isa = PBXBuildFile; fileRef = F16C958623D5AC18002A7726 /* GQTPointQuadTreeItem.h */; };
		F16C95D023D5AC19002A7726 /* GQTPointQuadTreeChild.m in Sources */ = {isa = PBXBuildFile; fileRef = F16C958723D5AC18002A7726 /* GQTPointQuadTreeChild.m */; };
		F16C95D123D5AC19002A7726 /* GQTPoint.h in Headers */ = {isa = PBXBuildFile; fileRef = F16C958823D5AC18002A7726 /* GQTPoint.h */; };
		F16C95D223D5AC19002A7726 /* GQTPointQuadTree.h in Headers */ = {isa = PBXBuildFile; fileRef = F16C958923D5AC18002A7726 /* GQTPointQuadTree.h */; };
		F16C95D323D5AC19002A7726 /* GQTPointQuadTreeChild.h in Headers */ = {isa = PBXBuildFile; fileRef = F16C958A23D5AC18002A7726 /* GQTPointQuadTreeChild.h */; };
		F16C95D423D5AC19002A7726 /* GQTBounds.h in Headers */ = {isa = PBXBuildFile; fileRef = F16C958B23D5AC18002A7726 /* GQTBounds.h */; };
		F16C95D523D5AC19002A7726 /* GMUKMLParser.m in Sources */ = {isa = PBXBuildFile; fileRef = F16C958D23D5AC18002A7726 /* GMUKMLParser.m */; };
		F16C95D623D5AC19002A7726 /* GMUGeometryRenderer.m in Sources */ = {isa = PBXBuildFile; fileRef = F16C958E23D5AC18002A7726 /* GMUGeometryRenderer.m */; };
		F16C95D723D5AC19002A7726 /* GMUGeoJSONParser.h in Headers */ = {isa = PBXBuildFile; fileRef = F16C958F23D5AC18002A7726 /* GMUGeoJSONParser.h */; };
		F16C95D823D5AC19002A7726 /* GMUGeometryCollection.m in Sources */ = {isa = PBXBuildFile; fileRef = F16C959123D5AC18002A7726 /* GMUGeometryCollection.m */; };
		F16C95D923D5AC19002A7726 /* GMUPoint.h in Headers */ = {isa = PBXBuildFile; fileRef = F16C959223D5AC18002A7726 /* GMUPoint.h */; };
		F16C95DA23D5AC19002A7726 /* GMUStyle.h in Headers */ = {isa = PBXBuildFile; fileRef = F16C959323D5AC18002A7726 /* GMUStyle.h */; };
		F16C95DB23D5AC19002A7726 /* GMUPlacemark.m in Sources */ = {isa = PBXBuildFile; fileRef = F16C959423D5AC18002A7726 /* GMUPlacemark.m */; };
		F16C95DC23D5AC19002A7726 /* GMUPolygon.m in Sources */ = {isa = PBXBuildFile; fileRef = F16C959523D5AC18002A7726 /* GMUPolygon.m */; };
		F16C95DD23D5AC19002A7726 /* GMUPair.h in Headers */ = {isa = PBXBuildFile; fileRef = F16C959623D5AC18002A7726 /* GMUPair.h */; };
		F16C95DE23D5AC19002A7726 /* GMUGeometryContainer.h in Headers */ = {isa = PBXBuildFile; fileRef = F16C959723D5AC18002A7726 /* GMUGeometryContainer.h */; };
		F16C95DF23D5AC19002A7726 /* GMUStyleMap.m in Sources */ = {isa = PBXBuildFile; fileRef = F16C959823D5AC18002A7726 /* GMUStyleMap.m */; };
		F16C95E023D5AC19002A7726 /* GMUFeature.m in Sources */ = {isa = PBXBuildFile; fileRef = F16C959923D5AC18002A7726 /* GMUFeature.m */; };
		F16C95E123D5AC19002A7726 /* GMULineString.h in Headers */ = {isa = PBXBuildFile; fileRef = F16C959A23D5AC18002A7726 /* GMULineString.h */; };
		F16C95E223D5AC19002A7726 /* GMUGroundOverlay.m in Sources */ = {isa = PBXBuildFile; fileRef = F16C959B23D5AC18002A7726 /* GMUGroundOverlay.m */; };
		F16C95E323D5AC19002A7726 /* GMUStyle.m in Sources */ = {isa = PBXBuildFile; fileRef = F16C959C23D5AC18002A7726 /* GMUStyle.m */; };
		F16C95E423D5AC19002A7726 /* GMUPoint.m in Sources */ = {isa = PBXBuildFile; fileRef = F16C959D23D5AC18002A7726 /* GMUPoint.m */; };
		F16C95E523D5AC19002A7726 /* GMUGeometry.h in Headers */ = {isa = PBXBuildFile; fileRef = F16C959E23D5AC18002A7726 /* GMUGeometry.h */; };
		F16C95E623D5AC19002A7726 /* GMUGeometryCollection.h in Headers */ = {isa = PBXBuildFile; fileRef = F16C959F23D5AC18002A7726 /* GMUGeometryCollection.h */; };
		F16C95E723D5AC19002A7726 /* GMUPair.m in Sources */ = {isa = PBXBuildFile; fileRef = F16C95A023D5AC18002A7726 /* GMUPair.m */; };
		F16C95E823D5AC19002A7726 /* GMUPolygon.h in Headers */ = {isa = PBXBuildFile; fileRef = F16C95A123D5AC18002A7726 /* GMUPolygon.h */; };
		F16C95E923D5AC19002A7726 /* GMUPlacemark.h in Headers */ = {isa = PBXBuildFile; fileRef = F16C95A223D5AC18002A7726 /* GMUPlacemark.h */; };
		F16C95EA23D5AC19002A7726 /* GMUStyleMap.h in Headers */ = {isa = PBXBuildFile; fileRef = F16C95A323D5AC18002A7726 /* GMUStyleMap.h */; };
		F16C95EB23D5AC19002A7726 /* GMUGroundOverlay.h in Headers */ = {isa = PBXBuildFile; fileRef = F16C95A423D5AC18002A7726 /* GMUGroundOverlay.h */; };
		F16C95EC23D5AC19002A7726 /* GMULineString.m in Sources */ = {isa = PBXBuildFile; fileRef = F16C95A523D5AC18002A7726 /* GMULineString.m */; };
		F16C95ED23D5AC19002A7726 /* GMUFeature.h in Headers */ = {isa = PBXBuildFile; fileRef = F16C95A623D5AC18002A7726 /* GMUFeature.h */; };
		F16C95EE23D5AC19002A7726 /* GMUKMLParser.h in Headers */ = {isa = PBXBuildFile; fileRef = F16C95A723D5AC18002A7726 /* GMUKMLParser.h */; };
		F16C95EF23D5AC19002A7726 /* GMUGeometryRenderer+Testing.h in Headers */ = {isa = PBXBuildFile; fileRef = F16C95A823D5AC18002A7726 /* GMUGeometryRenderer+Testing.h */; };
		F16C95F023D5AC19002A7726 /* GMUGeoJSONParser.m in Sources */ = {isa = PBXBuildFile; fileRef = F16C95A923D5AC18002A7726 /* GMUGeoJSONParser.m */; };
		F16C95F123D5AC19002A7726 /* GMUGeometryRenderer.h in Headers */ = {isa = PBXBuildFile; fileRef = F16C95AA23D5AC18002A7726 /* GMUGeometryRenderer.h */; };
		F16C95F223D5AC19002A7726 /* GMUGradient.h in Headers */ = {isa = PBXBuildFile; fileRef = F16C95AC23D5AC18002A7726 /* GMUGradient.h */; };
		F16C95F323D5AC19002A7726 /* GMUWeightedLatLng.m in Sources */ = {isa = PBXBuildFile; fileRef = F16C95AD23D5AC18002A7726 /* GMUWeightedLatLng.m */; };
		F16C95F423D5AC19002A7726 /* GMUHeatmapTileLayer.h in Headers */ = {isa = PBXBuildFile; fileRef = F16C95AE23D5AC18002A7726 /* GMUHeatmapTileLayer.h */; };
		F16C95F523D5AC19002A7726 /* GMUWeightedLatLng.h in Headers */ = {isa = PBXBuildFile; fileRef = F16C95AF23D5AC18002A7726 /* GMUWeightedLatLng.h */; };
		F16C95F623D5AC19002A7726 /* GMUGradient.m in Sources */ = {isa = PBXBuildFile; fileRef = F16C95B023D5AC18002A7726 /* GMUGradient.m */; };
		F16C95F723D5AC19002A7726 /* GMUHeatmapTileLayer.m in Sources */ = {isa = PBXBuildFile; fileRef = F16C95B123D5AC18002A7726 /* GMUHeatmapTileLayer.m */; };
		F16C95F823D5AC19002A7726 /* GMUClusterManager.m in Sources */ = {isa = PBXBuildFile; fileRef = F16C95B323D5AC18002A7726 /* GMUClusterManager.m */; };
		F16C95F923D5AC19002A7726 /* GMUStaticCluster.h in Headers */ = {isa = PBXBuildFile; fileRef = F16C95B423D5AC18002A7726 /* GMUStaticCluster.h */; };
		F16C95FA23D5AC19002A7726 /* GMUMarkerClustering.h in Headers */ = {isa = PBXBuildFile; fileRef = F16C95B523D5AC18002A7726 /* GMUMarkerClustering.h */; };
		F16C95FB23D5AC19002A7726 /* GMUGridBasedClusterAlgorithm.m in Sources */ = {isa = PBXBuildFile; fileRef = F16C95B723D5AC18002A7726 /* GMUGridBasedClusterAlgorithm.m */; };
		F16C95FC23D5AC19002A7726 /* GMUClusterAlgorithm.h in Headers */ = {isa = PBXBuildFile; fileRef = F16C95B823D5AC18002A7726 /* GMUClusterAlgorithm.h */; };
		F16C95FD23D5AC19002A7726 /* GMUNonHierarchicalDistanceBasedAlgorithm.h in Headers */ = {isa = PBXBuildFile; fileRef = F16C95B923D5AC18002A7726 /* GMUNonHierarchicalDistanceBasedAlgorithm.h */; };
		F16C95FE23D5AC19002A7726 /* GMUWrappingDictionaryKey.m in Sources */ = {isa = PBXBuildFile; fileRef = F16C95BA23D5AC18002A7726 /* GMUWrappingDictionaryKey.m */; };
		F16C95FF23D5AC19002A7726 /* GMUSimpleClusterAlgorithm.m in Sources */ = {isa = PBXBuildFile; fileRef = F16C95BB23D5AC18002A7726 /* GMUSimpleClusterAlgorithm.m */; };
		F16C960023D5AC19002A7726 /* GMUGridBasedClusterAlgorithm.h in Headers */ = {isa = PBXBuildFile; fileRef = F16C95BC23D5AC18002A7726 /* GMUGridBasedClusterAlgorithm.h */; };
		F16C960123D5AC19002A7726 /* GMUNonHierarchicalDistanceBasedAlgorithm.m in Sources */ = {isa = PBXBuildFile; fileRef = F16C95BD23D5AC18002A7726 /* GMUNonHierarchicalDistanceBasedAlgorithm.m */; };
		F16C960223D5AC19002A7726 /* GMUSimpleClusterAlgorithm.h in Headers */ = {isa = PBXBuildFile; fileRef = F16C95BE23D5AC18002A7726 /* GMUSimpleClusterAlgorithm.h */; };
		F16C960323D5AC19002A7726 /* GMUWrappingDictionaryKey.h in Headers */ = {isa = PBXBuildFile; fileRef = F16C95BF23D5AC18002A7726 /* GMUWrappingDictionaryKey.h */; };
		F16C960423D5AC19002A7726 /* GMUClusterManager.h in Headers */ = {isa = PBXBuildFile; fileRef = F16C95C023D5AC18002A7726 /* GMUClusterManager.h */; };
		F16C960523D5AC19002A7726 /* GMUClusterManager+Testing.h in Headers */ = {isa = PBXBuildFile; fileRef = F16C95C123D5AC18002A7726 /* GMUClusterManager+Testing.h */; };
		F16C960623D5AC19002A7726 /* GMUClusterIconGenerator.h in Headers */ = {isa = PBXBuildFile; fileRef = F16C95C323D5AC18002A7726 /* GMUClusterIconGenerator.h */; };
		F16C960723D5AC19002A7726 /* GMUClusterRenderer.h in Headers */ = {isa = PBXBuildFile; fileRef = F16C95C423D5AC18002A7726 /* GMUClusterRenderer.h */; };
		F16C960823D5AC19002A7726 /* GMUDefaultClusterRenderer+Testing.h in Headers */ = {isa = PBXBuildFile; fileRef = F16C95C523D5AC18002A7726 /* GMUDefaultClusterRenderer+Testing.h */; };
		F16C960923D5AC19002A7726 /* GMUDefaultClusterRenderer.m in Sources */ = {isa = PBXBuildFile; fileRef = F16C95C623D5AC18002A7726 /* GMUDefaultClusterRenderer.m */; };
		F16C960A23D5AC19002A7726 /* GMUDefaultClusterIconGenerator.h in Headers */ = {isa = PBXBuildFile; fileRef = F16C95C723D5AC18002A7726 /* GMUDefaultClusterIconGenerator.h */; };
		F16C960B23D5AC19002A7726 /* GMUDefaultClusterIconGenerator.m in Sources */ = {isa = PBXBuildFile; fileRef = F16C95C823D5AC18002A7726 /* GMUDefaultClusterIconGenerator.m */; };
		F16C960C23D5AC19002A7726 /* GMUDefaultClusterRenderer.h in Headers */ = {isa = PBXBuildFile; fileRef = F16C95C923D5AC18002A7726 /* GMUDefaultClusterRenderer.h */; };
		F16C960D23D5AC19002A7726 /* GMUDefaultClusterIconGenerator+Testing.h in Headers */ = {isa = PBXBuildFile; fileRef = F16C95CA23D5AC18002A7726 /* GMUDefaultClusterIconGenerator+Testing.h */; };
		F16C960E23D5AC19002A7726 /* GMUStaticCluster.m in Sources */ = {isa = PBXBuildFile; fileRef = F16C95CB23D5AC18002A7726 /* GMUStaticCluster.m */; };
		F16C960F23D5AC19002A7726 /* GMUCluster.h in Headers */ = {isa = PBXBuildFile; fileRef = F16C95CC23D5AC19002A7726 /* GMUCluster.h */; };
		F16C961023D5AC19002A7726 /* GMUClusterItem.h in Headers */ = {isa = PBXBuildFile; fileRef = F16C95CD23D5AC19002A7726 /* GMUClusterItem.h */; };
/* End PBXBuildFile section */

/* Begin PBXContainerItemProxy section */
		F16C956D23D5ABD4002A7726 /* PBXContainerItemProxy */ = {
			isa = PBXContainerItemProxy;
			containerPortal = F16C955923D5ABD3002A7726 /* Project object */;
			proxyType = 1;
			remoteGlobalIDString = F16C956123D5ABD3002A7726;
			remoteInfo = GMapUtils;
		};
/* End PBXContainerItemProxy section */

/* Begin PBXFileReference section */
		1329E982EC5A5A4F845F598A /* Pods_GMapUtils.framework */ = {isa = PBXFileReference; explicitFileType = wrapper.framework; includeInIndex = 0; path = Pods_GMapUtils.framework; sourceTree = BUILT_PRODUCTS_DIR; };
		1DD9F5BE60F7BC7C7AFA56FA /* Pods-GMapUtils.release.xcconfig */ = {isa = PBXFileReference; includeInIndex = 1; lastKnownFileType = text.xcconfig; name = "Pods-GMapUtils.release.xcconfig"; path = "Target Support Files/Pods-GMapUtils/Pods-GMapUtils.release.xcconfig"; sourceTree = "<group>"; };
		2FC75CD3DED951628A09CCAF /* Pods-GMapUtils-GMapUtilsTests.release.xcconfig */ = {isa = PBXFileReference; includeInIndex = 1; lastKnownFileType = text.xcconfig; name = "Pods-GMapUtils-GMapUtilsTests.release.xcconfig"; path = "Target Support Files/Pods-GMapUtils-GMapUtilsTests/Pods-GMapUtils-GMapUtilsTests.release.xcconfig"; sourceTree = "<group>"; };
		5D4EC19E92598BCD3D850CFE /* Pods-GMapUtils-GMapUtilsTests.debug.xcconfig */ = {isa = PBXFileReference; includeInIndex = 1; lastKnownFileType = text.xcconfig; name = "Pods-GMapUtils-GMapUtilsTests.debug.xcconfig"; path = "Target Support Files/Pods-GMapUtils-GMapUtilsTests/Pods-GMapUtils-GMapUtilsTests.debug.xcconfig"; sourceTree = "<group>"; };
		776113DC1114C34ED67D5996 /* Pods_GMapUtils_GMapUtilsTests.framework */ = {isa = PBXFileReference; explicitFileType = wrapper.framework; includeInIndex = 0; path = Pods_GMapUtils_GMapUtilsTests.framework; sourceTree = BUILT_PRODUCTS_DIR; };
		F131016D23D5CC0F00929082 /* GMapUtils-Bridging-Header.h */ = {isa = PBXFileReference; lastKnownFileType = sourcecode.c.h; path = "GMapUtils-Bridging-Header.h"; sourceTree = "<group>"; };
		F16C956223D5ABD3002A7726 /* GMapUtils.framework */ = {isa = PBXFileReference; explicitFileType = wrapper.framework; includeInIndex = 0; path = GMapUtils.framework; sourceTree = BUILT_PRODUCTS_DIR; };
		F16C956523D5ABD3002A7726 /* GMapUtils.h */ = {isa = PBXFileReference; lastKnownFileType = sourcecode.c.h; path = GMapUtils.h; sourceTree = "<group>"; };
		F16C956623D5ABD3002A7726 /* Info.plist */ = {isa = PBXFileReference; lastKnownFileType = text.plist.xml; path = Info.plist; sourceTree = "<group>"; };
		F16C956B23D5ABD4002A7726 /* GMapUtilsTests.xctest */ = {isa = PBXFileReference; explicitFileType = wrapper.cfbundle; includeInIndex = 0; path = GMapUtilsTests.xctest; sourceTree = BUILT_PRODUCTS_DIR; };
		F16C957023D5ABD4002A7726 /* GMapUtilsTests.swift */ = {isa = PBXFileReference; lastKnownFileType = sourcecode.swift; path = GMapUtilsTests.swift; sourceTree = "<group>"; };
		F16C957223D5ABD4002A7726 /* Info.plist */ = {isa = PBXFileReference; lastKnownFileType = text.plist.xml; path = Info.plist; sourceTree = "<group>"; };
		F16C958523D5AC18002A7726 /* GQTPointQuadTree.m */ = {isa = PBXFileReference; fileEncoding = 4; lastKnownFileType = sourcecode.c.objc; path = GQTPointQuadTree.m; sourceTree = "<group>"; };
		F16C958623D5AC18002A7726 /* GQTPointQuadTreeItem.h */ = {isa = PBXFileReference; fileEncoding = 4; lastKnownFileType = sourcecode.c.h; path = GQTPointQuadTreeItem.h; sourceTree = "<group>"; };
		F16C958723D5AC18002A7726 /* GQTPointQuadTreeChild.m */ = {isa = PBXFileReference; fileEncoding = 4; lastKnownFileType = sourcecode.c.objc; path = GQTPointQuadTreeChild.m; sourceTree = "<group>"; };
		F16C958823D5AC18002A7726 /* GQTPoint.h */ = {isa = PBXFileReference; fileEncoding = 4; lastKnownFileType = sourcecode.c.h; path = GQTPoint.h; sourceTree = "<group>"; };
		F16C958923D5AC18002A7726 /* GQTPointQuadTree.h */ = {isa = PBXFileReference; fileEncoding = 4; lastKnownFileType = sourcecode.c.h; path = GQTPointQuadTree.h; sourceTree = "<group>"; };
		F16C958A23D5AC18002A7726 /* GQTPointQuadTreeChild.h */ = {isa = PBXFileReference; fileEncoding = 4; lastKnownFileType = sourcecode.c.h; path = GQTPointQuadTreeChild.h; sourceTree = "<group>"; };
		F16C958B23D5AC18002A7726 /* GQTBounds.h */ = {isa = PBXFileReference; fileEncoding = 4; lastKnownFileType = sourcecode.c.h; path = GQTBounds.h; sourceTree = "<group>"; };
		F16C958D23D5AC18002A7726 /* GMUKMLParser.m */ = {isa = PBXFileReference; fileEncoding = 4; lastKnownFileType = sourcecode.c.objc; path = GMUKMLParser.m; sourceTree = "<group>"; };
		F16C958E23D5AC18002A7726 /* GMUGeometryRenderer.m */ = {isa = PBXFileReference; fileEncoding = 4; lastKnownFileType = sourcecode.c.objc; path = GMUGeometryRenderer.m; sourceTree = "<group>"; };
		F16C958F23D5AC18002A7726 /* GMUGeoJSONParser.h */ = {isa = PBXFileReference; fileEncoding = 4; lastKnownFileType = sourcecode.c.h; path = GMUGeoJSONParser.h; sourceTree = "<group>"; };
		F16C959123D5AC18002A7726 /* GMUGeometryCollection.m */ = {isa = PBXFileReference; fileEncoding = 4; lastKnownFileType = sourcecode.c.objc; path = GMUGeometryCollection.m; sourceTree = "<group>"; };
		F16C959223D5AC18002A7726 /* GMUPoint.h */ = {isa = PBXFileReference; fileEncoding = 4; lastKnownFileType = sourcecode.c.h; path = GMUPoint.h; sourceTree = "<group>"; };
		F16C959323D5AC18002A7726 /* GMUStyle.h */ = {isa = PBXFileReference; fileEncoding = 4; lastKnownFileType = sourcecode.c.h; path = GMUStyle.h; sourceTree = "<group>"; };
		F16C959423D5AC18002A7726 /* GMUPlacemark.m */ = {isa = PBXFileReference; fileEncoding = 4; lastKnownFileType = sourcecode.c.objc; path = GMUPlacemark.m; sourceTree = "<group>"; };
		F16C959523D5AC18002A7726 /* GMUPolygon.m */ = {isa = PBXFileReference; fileEncoding = 4; lastKnownFileType = sourcecode.c.objc; path = GMUPolygon.m; sourceTree = "<group>"; };
		F16C959623D5AC18002A7726 /* GMUPair.h */ = {isa = PBXFileReference; fileEncoding = 4; lastKnownFileType = sourcecode.c.h; path = GMUPair.h; sourceTree = "<group>"; };
		F16C959723D5AC18002A7726 /* GMUGeometryContainer.h */ = {isa = PBXFileReference; fileEncoding = 4; lastKnownFileType = sourcecode.c.h; path = GMUGeometryContainer.h; sourceTree = "<group>"; };
		F16C959823D5AC18002A7726 /* GMUStyleMap.m */ = {isa = PBXFileReference; fileEncoding = 4; lastKnownFileType = sourcecode.c.objc; path = GMUStyleMap.m; sourceTree = "<group>"; };
		F16C959923D5AC18002A7726 /* GMUFeature.m */ = {isa = PBXFileReference; fileEncoding = 4; lastKnownFileType = sourcecode.c.objc; path = GMUFeature.m; sourceTree = "<group>"; };
		F16C959A23D5AC18002A7726 /* GMULineString.h */ = {isa = PBXFileReference; fileEncoding = 4; lastKnownFileType = sourcecode.c.h; path = GMULineString.h; sourceTree = "<group>"; };
		F16C959B23D5AC18002A7726 /* GMUGroundOverlay.m */ = {isa = PBXFileReference; fileEncoding = 4; lastKnownFileType = sourcecode.c.objc; path = GMUGroundOverlay.m; sourceTree = "<group>"; };
		F16C959C23D5AC18002A7726 /* GMUStyle.m */ = {isa = PBXFileReference; fileEncoding = 4; lastKnownFileType = sourcecode.c.objc; path = GMUStyle.m; sourceTree = "<group>"; };
		F16C959D23D5AC18002A7726 /* GMUPoint.m */ = {isa = PBXFileReference; fileEncoding = 4; lastKnownFileType = sourcecode.c.objc; path = GMUPoint.m; sourceTree = "<group>"; };
		F16C959E23D5AC18002A7726 /* GMUGeometry.h */ = {isa = PBXFileReference; fileEncoding = 4; lastKnownFileType = sourcecode.c.h; path = GMUGeometry.h; sourceTree = "<group>"; };
		F16C959F23D5AC18002A7726 /* GMUGeometryCollection.h */ = {isa = PBXFileReference; fileEncoding = 4; lastKnownFileType = sourcecode.c.h; path = GMUGeometryCollection.h; sourceTree = "<group>"; };
		F16C95A023D5AC18002A7726 /* GMUPair.m */ = {isa = PBXFileReference; fileEncoding = 4; lastKnownFileType = sourcecode.c.objc; path = GMUPair.m; sourceTree = "<group>"; };
		F16C95A123D5AC18002A7726 /* GMUPolygon.h */ = {isa = PBXFileReference; fileEncoding = 4; lastKnownFileType = sourcecode.c.h; path = GMUPolygon.h; sourceTree = "<group>"; };
		F16C95A223D5AC18002A7726 /* GMUPlacemark.h */ = {isa = PBXFileReference; fileEncoding = 4; lastKnownFileType = sourcecode.c.h; path = GMUPlacemark.h; sourceTree = "<group>"; };
		F16C95A323D5AC18002A7726 /* GMUStyleMap.h */ = {isa = PBXFileReference; fileEncoding = 4; lastKnownFileType = sourcecode.c.h; path = GMUStyleMap.h; sourceTree = "<group>"; };
		F16C95A423D5AC18002A7726 /* GMUGroundOverlay.h */ = {isa = PBXFileReference; fileEncoding = 4; lastKnownFileType = sourcecode.c.h; path = GMUGroundOverlay.h; sourceTree = "<group>"; };
		F16C95A523D5AC18002A7726 /* GMULineString.m */ = {isa = PBXFileReference; fileEncoding = 4; lastKnownFileType = sourcecode.c.objc; path = GMULineString.m; sourceTree = "<group>"; };
		F16C95A623D5AC18002A7726 /* GMUFeature.h */ = {isa = PBXFileReference; fileEncoding = 4; lastKnownFileType = sourcecode.c.h; path = GMUFeature.h; sourceTree = "<group>"; };
		F16C95A723D5AC18002A7726 /* GMUKMLParser.h */ = {isa = PBXFileReference; fileEncoding = 4; lastKnownFileType = sourcecode.c.h; path = GMUKMLParser.h; sourceTree = "<group>"; };
		F16C95A823D5AC18002A7726 /* GMUGeometryRenderer+Testing.h */ = {isa = PBXFileReference; fileEncoding = 4; lastKnownFileType = sourcecode.c.h; path = "GMUGeometryRenderer+Testing.h"; sourceTree = "<group>"; };
		F16C95A923D5AC18002A7726 /* GMUGeoJSONParser.m */ = {isa = PBXFileReference; fileEncoding = 4; lastKnownFileType = sourcecode.c.objc; path = GMUGeoJSONParser.m; sourceTree = "<group>"; };
		F16C95AA23D5AC18002A7726 /* GMUGeometryRenderer.h */ = {isa = PBXFileReference; fileEncoding = 4; lastKnownFileType = sourcecode.c.h; path = GMUGeometryRenderer.h; sourceTree = "<group>"; };
		F16C95AC23D5AC18002A7726 /* GMUGradient.h */ = {isa = PBXFileReference; fileEncoding = 4; lastKnownFileType = sourcecode.c.h; path = GMUGradient.h; sourceTree = "<group>"; };
		F16C95AD23D5AC18002A7726 /* GMUWeightedLatLng.m */ = {isa = PBXFileReference; fileEncoding = 4; lastKnownFileType = sourcecode.c.objc; path = GMUWeightedLatLng.m; sourceTree = "<group>"; };
		F16C95AE23D5AC18002A7726 /* GMUHeatmapTileLayer.h */ = {isa = PBXFileReference; fileEncoding = 4; lastKnownFileType = sourcecode.c.h; path = GMUHeatmapTileLayer.h; sourceTree = "<group>"; };
		F16C95AF23D5AC18002A7726 /* GMUWeightedLatLng.h */ = {isa = PBXFileReference; fileEncoding = 4; lastKnownFileType = sourcecode.c.h; path = GMUWeightedLatLng.h; sourceTree = "<group>"; };
		F16C95B023D5AC18002A7726 /* GMUGradient.m */ = {isa = PBXFileReference; fileEncoding = 4; lastKnownFileType = sourcecode.c.objc; path = GMUGradient.m; sourceTree = "<group>"; };
		F16C95B123D5AC18002A7726 /* GMUHeatmapTileLayer.m */ = {isa = PBXFileReference; fileEncoding = 4; lastKnownFileType = sourcecode.c.objc; path = GMUHeatmapTileLayer.m; sourceTree = "<group>"; };
		F16C95B323D5AC18002A7726 /* GMUClusterManager.m */ = {isa = PBXFileReference; fileEncoding = 4; lastKnownFileType = sourcecode.c.objc; path = GMUClusterManager.m; sourceTree = "<group>"; };
		F16C95B423D5AC18002A7726 /* GMUStaticCluster.h */ = {isa = PBXFileReference; fileEncoding = 4; lastKnownFileType = sourcecode.c.h; path = GMUStaticCluster.h; sourceTree = "<group>"; };
		F16C95B523D5AC18002A7726 /* GMUMarkerClustering.h */ = {isa = PBXFileReference; fileEncoding = 4; lastKnownFileType = sourcecode.c.h; path = GMUMarkerClustering.h; sourceTree = "<group>"; };
		F16C95B723D5AC18002A7726 /* GMUGridBasedClusterAlgorithm.m */ = {isa = PBXFileReference; fileEncoding = 4; lastKnownFileType = sourcecode.c.objc; path = GMUGridBasedClusterAlgorithm.m; sourceTree = "<group>"; };
		F16C95B823D5AC18002A7726 /* GMUClusterAlgorithm.h */ = {isa = PBXFileReference; fileEncoding = 4; lastKnownFileType = sourcecode.c.h; path = GMUClusterAlgorithm.h; sourceTree = "<group>"; };
		F16C95B923D5AC18002A7726 /* GMUNonHierarchicalDistanceBasedAlgorithm.h */ = {isa = PBXFileReference; fileEncoding = 4; lastKnownFileType = sourcecode.c.h; path = GMUNonHierarchicalDistanceBasedAlgorithm.h; sourceTree = "<group>"; };
		F16C95BA23D5AC18002A7726 /* GMUWrappingDictionaryKey.m */ = {isa = PBXFileReference; fileEncoding = 4; lastKnownFileType = sourcecode.c.objc; path = GMUWrappingDictionaryKey.m; sourceTree = "<group>"; };
		F16C95BB23D5AC18002A7726 /* GMUSimpleClusterAlgorithm.m */ = {isa = PBXFileReference; fileEncoding = 4; lastKnownFileType = sourcecode.c.objc; path = GMUSimpleClusterAlgorithm.m; sourceTree = "<group>"; };
		F16C95BC23D5AC18002A7726 /* GMUGridBasedClusterAlgorithm.h */ = {isa = PBXFileReference; fileEncoding = 4; lastKnownFileType = sourcecode.c.h; path = GMUGridBasedClusterAlgorithm.h; sourceTree = "<group>"; };
		F16C95BD23D5AC18002A7726 /* GMUNonHierarchicalDistanceBasedAlgorithm.m */ = {isa = PBXFileReference; fileEncoding = 4; lastKnownFileType = sourcecode.c.objc; path = GMUNonHierarchicalDistanceBasedAlgorithm.m; sourceTree = "<group>"; };
		F16C95BE23D5AC18002A7726 /* GMUSimpleClusterAlgorithm.h */ = {isa = PBXFileReference; fileEncoding = 4; lastKnownFileType = sourcecode.c.h; path = GMUSimpleClusterAlgorithm.h; sourceTree = "<group>"; };
		F16C95BF23D5AC18002A7726 /* GMUWrappingDictionaryKey.h */ = {isa = PBXFileReference; fileEncoding = 4; lastKnownFileType = sourcecode.c.h; path = GMUWrappingDictionaryKey.h; sourceTree = "<group>"; };
		F16C95C023D5AC18002A7726 /* GMUClusterManager.h */ = {isa = PBXFileReference; fileEncoding = 4; lastKnownFileType = sourcecode.c.h; path = GMUClusterManager.h; sourceTree = "<group>"; };
		F16C95C123D5AC18002A7726 /* GMUClusterManager+Testing.h */ = {isa = PBXFileReference; fileEncoding = 4; lastKnownFileType = sourcecode.c.h; path = "GMUClusterManager+Testing.h"; sourceTree = "<group>"; };
		F16C95C323D5AC18002A7726 /* GMUClusterIconGenerator.h */ = {isa = PBXFileReference; fileEncoding = 4; lastKnownFileType = sourcecode.c.h; path = GMUClusterIconGenerator.h; sourceTree = "<group>"; };
		F16C95C423D5AC18002A7726 /* GMUClusterRenderer.h */ = {isa = PBXFileReference; fileEncoding = 4; lastKnownFileType = sourcecode.c.h; path = GMUClusterRenderer.h; sourceTree = "<group>"; };
		F16C95C523D5AC18002A7726 /* GMUDefaultClusterRenderer+Testing.h */ = {isa = PBXFileReference; fileEncoding = 4; lastKnownFileType = sourcecode.c.h; path = "GMUDefaultClusterRenderer+Testing.h"; sourceTree = "<group>"; };
		F16C95C623D5AC18002A7726 /* GMUDefaultClusterRenderer.m */ = {isa = PBXFileReference; fileEncoding = 4; lastKnownFileType = sourcecode.c.objc; path = GMUDefaultClusterRenderer.m; sourceTree = "<group>"; };
		F16C95C723D5AC18002A7726 /* GMUDefaultClusterIconGenerator.h */ = {isa = PBXFileReference; fileEncoding = 4; lastKnownFileType = sourcecode.c.h; path = GMUDefaultClusterIconGenerator.h; sourceTree = "<group>"; };
		F16C95C823D5AC18002A7726 /* GMUDefaultClusterIconGenerator.m */ = {isa = PBXFileReference; fileEncoding = 4; lastKnownFileType = sourcecode.c.objc; path = GMUDefaultClusterIconGenerator.m; sourceTree = "<group>"; };
		F16C95C923D5AC18002A7726 /* GMUDefaultClusterRenderer.h */ = {isa = PBXFileReference; fileEncoding = 4; lastKnownFileType = sourcecode.c.h; path = GMUDefaultClusterRenderer.h; sourceTree = "<group>"; };
		F16C95CA23D5AC18002A7726 /* GMUDefaultClusterIconGenerator+Testing.h */ = {isa = PBXFileReference; fileEncoding = 4; lastKnownFileType = sourcecode.c.h; path = "GMUDefaultClusterIconGenerator+Testing.h"; sourceTree = "<group>"; };
		F16C95CB23D5AC18002A7726 /* GMUStaticCluster.m */ = {isa = PBXFileReference; fileEncoding = 4; lastKnownFileType = sourcecode.c.objc; path = GMUStaticCluster.m; sourceTree = "<group>"; };
		F16C95CC23D5AC19002A7726 /* GMUCluster.h */ = {isa = PBXFileReference; fileEncoding = 4; lastKnownFileType = sourcecode.c.h; path = GMUCluster.h; sourceTree = "<group>"; };
		F16C95CD23D5AC19002A7726 /* GMUClusterItem.h */ = {isa = PBXFileReference; fileEncoding = 4; lastKnownFileType = sourcecode.c.h; path = GMUClusterItem.h; sourceTree = "<group>"; };
		FD84657B5793D869F2C722F9 /* Pods-GMapUtils.debug.xcconfig */ = {isa = PBXFileReference; includeInIndex = 1; lastKnownFileType = text.xcconfig; name = "Pods-GMapUtils.debug.xcconfig"; path = "Target Support Files/Pods-GMapUtils/Pods-GMapUtils.debug.xcconfig"; sourceTree = "<group>"; };
/* End PBXFileReference section */

/* Begin PBXFrameworksBuildPhase section */
		F16C955F23D5ABD3002A7726 /* Frameworks */ = {
			isa = PBXFrameworksBuildPhase;
			buildActionMask = 2147483647;
			files = (
				06AE230F366422A113A9D8FC /* Pods_GMapUtils.framework in Frameworks */,
			);
			runOnlyForDeploymentPostprocessing = 0;
		};
		F16C956823D5ABD4002A7726 /* Frameworks */ = {
			isa = PBXFrameworksBuildPhase;
			buildActionMask = 2147483647;
			files = (
				F16C956C23D5ABD4002A7726 /* GMapUtils.framework in Frameworks */,
				64363E97F10402196907A18D /* Pods_GMapUtils_GMapUtilsTests.framework in Frameworks */,
			);
			runOnlyForDeploymentPostprocessing = 0;
		};
/* End PBXFrameworksBuildPhase section */

/* Begin PBXGroup section */
		BA044D9553C8C63BB5B82424 /* Pods */ = {
			isa = PBXGroup;
			children = (
				FD84657B5793D869F2C722F9 /* Pods-GMapUtils.debug.xcconfig */,
				1DD9F5BE60F7BC7C7AFA56FA /* Pods-GMapUtils.release.xcconfig */,
				5D4EC19E92598BCD3D850CFE /* Pods-GMapUtils-GMapUtilsTests.debug.xcconfig */,
				2FC75CD3DED951628A09CCAF /* Pods-GMapUtils-GMapUtilsTests.release.xcconfig */,
			);
			path = Pods;
			sourceTree = "<group>";
		};
		F16C955823D5ABD3002A7726 = {
			isa = PBXGroup;
			children = (
				F16C956423D5ABD3002A7726 /* GMapUtils */,
				F16C956F23D5ABD4002A7726 /* GMapUtilsTests */,
				F16C956323D5ABD3002A7726 /* Products */,
				F16C961123D5AD6C002A7726 /* Frameworks */,
				BA044D9553C8C63BB5B82424 /* Pods */,
			);
			sourceTree = "<group>";
		};
		F16C956323D5ABD3002A7726 /* Products */ = {
			isa = PBXGroup;
			children = (
				F16C956223D5ABD3002A7726 /* GMapUtils.framework */,
				F16C956B23D5ABD4002A7726 /* GMapUtilsTests.xctest */,
			);
			name = Products;
			sourceTree = "<group>";
		};
		F16C956423D5ABD3002A7726 /* GMapUtils */ = {
			isa = PBXGroup;
			children = (
				F131016D23D5CC0F00929082 /* GMapUtils-Bridging-Header.h */,
				F16C95B223D5AC18002A7726 /* Clustering */,
				F16C958C23D5AC18002A7726 /* Geometry */,
				F16C95AB23D5AC18002A7726 /* Heatmap */,
				F16C958423D5AC18002A7726 /* QuadTree */,
				F16C956523D5ABD3002A7726 /* GMapUtils.h */,
				F16C956623D5ABD3002A7726 /* Info.plist */,
			);
			path = GMapUtils;
			sourceTree = "<group>";
		};
		F16C956F23D5ABD4002A7726 /* GMapUtilsTests */ = {
			isa = PBXGroup;
			children = (
				F16C957023D5ABD4002A7726 /* GMapUtilsTests.swift */,
				F16C957223D5ABD4002A7726 /* Info.plist */,
			);
			path = GMapUtilsTests;
			sourceTree = "<group>";
		};
		F16C958423D5AC18002A7726 /* QuadTree */ = {
			isa = PBXGroup;
			children = (
				F16C958523D5AC18002A7726 /* GQTPointQuadTree.m */,
				F16C958623D5AC18002A7726 /* GQTPointQuadTreeItem.h */,
				F16C958723D5AC18002A7726 /* GQTPointQuadTreeChild.m */,
				F16C958823D5AC18002A7726 /* GQTPoint.h */,
				F16C958923D5AC18002A7726 /* GQTPointQuadTree.h */,
				F16C958A23D5AC18002A7726 /* GQTPointQuadTreeChild.h */,
				F16C958B23D5AC18002A7726 /* GQTBounds.h */,
			);
			name = QuadTree;
			path = "../../google-maps-ios-utils/src/QuadTree";
			sourceTree = "<group>";
		};
		F16C958C23D5AC18002A7726 /* Geometry */ = {
			isa = PBXGroup;
			children = (
				F16C958D23D5AC18002A7726 /* GMUKMLParser.m */,
				F16C958E23D5AC18002A7726 /* GMUGeometryRenderer.m */,
				F16C958F23D5AC18002A7726 /* GMUGeoJSONParser.h */,
				F16C959023D5AC18002A7726 /* Model */,
				F16C95A723D5AC18002A7726 /* GMUKMLParser.h */,
				F16C95A823D5AC18002A7726 /* GMUGeometryRenderer+Testing.h */,
				F16C95A923D5AC18002A7726 /* GMUGeoJSONParser.m */,
				F16C95AA23D5AC18002A7726 /* GMUGeometryRenderer.h */,
			);
			name = Geometry;
			path = "../../google-maps-ios-utils/src/Geometry";
			sourceTree = "<group>";
		};
		F16C959023D5AC18002A7726 /* Model */ = {
			isa = PBXGroup;
			children = (
				F16C959123D5AC18002A7726 /* GMUGeometryCollection.m */,
				F16C959223D5AC18002A7726 /* GMUPoint.h */,
				F16C959323D5AC18002A7726 /* GMUStyle.h */,
				F16C959423D5AC18002A7726 /* GMUPlacemark.m */,
				F16C959523D5AC18002A7726 /* GMUPolygon.m */,
				F16C959623D5AC18002A7726 /* GMUPair.h */,
				F16C959723D5AC18002A7726 /* GMUGeometryContainer.h */,
				F16C959823D5AC18002A7726 /* GMUStyleMap.m */,
				F16C959923D5AC18002A7726 /* GMUFeature.m */,
				F16C959A23D5AC18002A7726 /* GMULineString.h */,
				F16C959B23D5AC18002A7726 /* GMUGroundOverlay.m */,
				F16C959C23D5AC18002A7726 /* GMUStyle.m */,
				F16C959D23D5AC18002A7726 /* GMUPoint.m */,
				F16C959E23D5AC18002A7726 /* GMUGeometry.h */,
				F16C959F23D5AC18002A7726 /* GMUGeometryCollection.h */,
				F16C95A023D5AC18002A7726 /* GMUPair.m */,
				F16C95A123D5AC18002A7726 /* GMUPolygon.h */,
				F16C95A223D5AC18002A7726 /* GMUPlacemark.h */,
				F16C95A323D5AC18002A7726 /* GMUStyleMap.h */,
				F16C95A423D5AC18002A7726 /* GMUGroundOverlay.h */,
				F16C95A523D5AC18002A7726 /* GMULineString.m */,
				F16C95A623D5AC18002A7726 /* GMUFeature.h */,
			);
			path = Model;
			sourceTree = "<group>";
		};
		F16C95AB23D5AC18002A7726 /* Heatmap */ = {
			isa = PBXGroup;
			children = (
				F16C95AC23D5AC18002A7726 /* GMUGradient.h */,
				F16C95AD23D5AC18002A7726 /* GMUWeightedLatLng.m */,
				F16C95AE23D5AC18002A7726 /* GMUHeatmapTileLayer.h */,
				F16C95AF23D5AC18002A7726 /* GMUWeightedLatLng.h */,
				F16C95B023D5AC18002A7726 /* GMUGradient.m */,
				F16C95B123D5AC18002A7726 /* GMUHeatmapTileLayer.m */,
			);
			name = Heatmap;
			path = "../../google-maps-ios-utils/src/Heatmap";
			sourceTree = "<group>";
		};
		F16C95B223D5AC18002A7726 /* Clustering */ = {
			isa = PBXGroup;
			children = (
				F16C95B323D5AC18002A7726 /* GMUClusterManager.m */,
				F16C95B423D5AC18002A7726 /* GMUStaticCluster.h */,
				F16C95B523D5AC18002A7726 /* GMUMarkerClustering.h */,
				F16C95B623D5AC18002A7726 /* Algo */,
				F16C95C023D5AC18002A7726 /* GMUClusterManager.h */,
				F16C95C123D5AC18002A7726 /* GMUClusterManager+Testing.h */,
				F16C95C223D5AC18002A7726 /* View */,
				F16C95CB23D5AC18002A7726 /* GMUStaticCluster.m */,
				F16C95CC23D5AC19002A7726 /* GMUCluster.h */,
				F16C95CD23D5AC19002A7726 /* GMUClusterItem.h */,
			);
			name = Clustering;
			path = "../../google-maps-ios-utils/src/Clustering";
			sourceTree = "<group>";
		};
		F16C95B623D5AC18002A7726 /* Algo */ = {
			isa = PBXGroup;
			children = (
				F16C95B723D5AC18002A7726 /* GMUGridBasedClusterAlgorithm.m */,
				F16C95B823D5AC18002A7726 /* GMUClusterAlgorithm.h */,
				F16C95B923D5AC18002A7726 /* GMUNonHierarchicalDistanceBasedAlgorithm.h */,
				F16C95BA23D5AC18002A7726 /* GMUWrappingDictionaryKey.m */,
				F16C95BB23D5AC18002A7726 /* GMUSimpleClusterAlgorithm.m */,
				F16C95BC23D5AC18002A7726 /* GMUGridBasedClusterAlgorithm.h */,
				F16C95BD23D5AC18002A7726 /* GMUNonHierarchicalDistanceBasedAlgorithm.m */,
				F16C95BE23D5AC18002A7726 /* GMUSimpleClusterAlgorithm.h */,
				F16C95BF23D5AC18002A7726 /* GMUWrappingDictionaryKey.h */,
			);
			path = Algo;
			sourceTree = "<group>";
		};
		F16C95C223D5AC18002A7726 /* View */ = {
			isa = PBXGroup;
			children = (
				F16C95C323D5AC18002A7726 /* GMUClusterIconGenerator.h */,
				F16C95C423D5AC18002A7726 /* GMUClusterRenderer.h */,
				F16C95C523D5AC18002A7726 /* GMUDefaultClusterRenderer+Testing.h */,
				F16C95C623D5AC18002A7726 /* GMUDefaultClusterRenderer.m */,
				F16C95C723D5AC18002A7726 /* GMUDefaultClusterIconGenerator.h */,
				F16C95C823D5AC18002A7726 /* GMUDefaultClusterIconGenerator.m */,
				F16C95C923D5AC18002A7726 /* GMUDefaultClusterRenderer.h */,
				F16C95CA23D5AC18002A7726 /* GMUDefaultClusterIconGenerator+Testing.h */,
			);
			path = View;
			sourceTree = "<group>";
		};
		F16C961123D5AD6C002A7726 /* Frameworks */ = {
			isa = PBXGroup;
			children = (
				1329E982EC5A5A4F845F598A /* Pods_GMapUtils.framework */,
				776113DC1114C34ED67D5996 /* Pods_GMapUtils_GMapUtilsTests.framework */,
			);
			name = Frameworks;
			sourceTree = "<group>";
		};
/* End PBXGroup section */

/* Begin PBXHeadersBuildPhase section */
		F16C955D23D5ABD3002A7726 /* Headers */ = {
			isa = PBXHeadersBuildPhase;
			buildActionMask = 2147483647;
			files = (
				F16C960723D5AC19002A7726 /* GMUClusterRenderer.h in Headers */,
				F16C960323D5AC19002A7726 /* GMUWrappingDictionaryKey.h in Headers */,
				F16C95DD23D5AC19002A7726 /* GMUPair.h in Headers */,
				F16C95D323D5AC19002A7726 /* GQTPointQuadTreeChild.h in Headers */,
				F16C95DA23D5AC19002A7726 /* GMUStyle.h in Headers */,
				F16C960023D5AC19002A7726 /* GMUGridBasedClusterAlgorithm.h in Headers */,
				F16C95CF23D5AC19002A7726 /* GQTPointQuadTreeItem.h in Headers */,
				F16C960D23D5AC19002A7726 /* GMUDefaultClusterIconGenerator+Testing.h in Headers */,
				F16C95E523D5AC19002A7726 /* GMUGeometry.h in Headers */,
				F16C960223D5AC19002A7726 /* GMUSimpleClusterAlgorithm.h in Headers */,
				F16C95D723D5AC19002A7726 /* GMUGeoJSONParser.h in Headers */,
				F16C95F523D5AC19002A7726 /* GMUWeightedLatLng.h in Headers */,
				F16C95EA23D5AC19002A7726 /* GMUStyleMap.h in Headers */,
				F16C95F123D5AC19002A7726 /* GMUGeometryRenderer.h in Headers */,
				F16C961023D5AC19002A7726 /* GMUClusterItem.h in Headers */,
				F16C95F923D5AC19002A7726 /* GMUStaticCluster.h in Headers */,
				F16C95EF23D5AC19002A7726 /* GMUGeometryRenderer+Testing.h in Headers */,
				F16C95E123D5AC19002A7726 /* GMULineString.h in Headers */,
				F16C95ED23D5AC19002A7726 /* GMUFeature.h in Headers */,
				F16C95FC23D5AC19002A7726 /* GMUClusterAlgorithm.h in Headers */,
				F16C95F223D5AC19002A7726 /* GMUGradient.h in Headers */,
				F16C95E823D5AC19002A7726 /* GMUPolygon.h in Headers */,
				F16C960423D5AC19002A7726 /* GMUClusterManager.h in Headers */,
				F16C95D923D5AC19002A7726 /* GMUPoint.h in Headers */,
				F16C95FA23D5AC19002A7726 /* GMUMarkerClustering.h in Headers */,
				F16C95E623D5AC19002A7726 /* GMUGeometryCollection.h in Headers */,
				F16C95D223D5AC19002A7726 /* GQTPointQuadTree.h in Headers */,
				F16C960C23D5AC19002A7726 /* GMUDefaultClusterRenderer.h in Headers */,
				F16C95EB23D5AC19002A7726 /* GMUGroundOverlay.h in Headers */,
				F16C95EE23D5AC19002A7726 /* GMUKMLParser.h in Headers */,
				F16C957323D5ABD4002A7726 /* GMapUtils.h in Headers */,
				F16C95D423D5AC19002A7726 /* GQTBounds.h in Headers */,
				F16C960823D5AC19002A7726 /* GMUDefaultClusterRenderer+Testing.h in Headers */,
				F16C95E923D5AC19002A7726 /* GMUPlacemark.h in Headers */,
				F16C95DE23D5AC19002A7726 /* GMUGeometryContainer.h in Headers */,
				F16C960523D5AC19002A7726 /* GMUClusterManager+Testing.h in Headers */,
				F16C960623D5AC19002A7726 /* GMUClusterIconGenerator.h in Headers */,
				F16C960F23D5AC19002A7726 /* GMUCluster.h in Headers */,
				F16C960A23D5AC19002A7726 /* GMUDefaultClusterIconGenerator.h in Headers */,
				F16C95D123D5AC19002A7726 /* GQTPoint.h in Headers */,
				F16C95F423D5AC19002A7726 /* GMUHeatmapTileLayer.h in Headers */,
				F16C95FD23D5AC19002A7726 /* GMUNonHierarchicalDistanceBasedAlgorithm.h in Headers */,
			);
			runOnlyForDeploymentPostprocessing = 0;
		};
/* End PBXHeadersBuildPhase section */

/* Begin PBXNativeTarget section */
		F16C956123D5ABD3002A7726 /* GMapUtils */ = {
			isa = PBXNativeTarget;
			buildConfigurationList = F16C957623D5ABD4002A7726 /* Build configuration list for PBXNativeTarget "GMapUtils" */;
			buildPhases = (
				31F17DA561B230C510ADA5A9 /* [CP] Check Pods Manifest.lock */,
				F16C955D23D5ABD3002A7726 /* Headers */,
				F16C955E23D5ABD3002A7726 /* Sources */,
				F16C955F23D5ABD3002A7726 /* Frameworks */,
				F16C956023D5ABD3002A7726 /* Resources */,
				8747CD175731574016F0BE62 /* [CP] Copy Pods Resources */,
			);
			buildRules = (
			);
			dependencies = (
			);
			name = GMapUtils;
			productName = GMapUtils;
			productReference = F16C956223D5ABD3002A7726 /* GMapUtils.framework */;
			productType = "com.apple.product-type.framework";
		};
		F16C956A23D5ABD4002A7726 /* GMapUtilsTests */ = {
			isa = PBXNativeTarget;
			buildConfigurationList = F16C957923D5ABD4002A7726 /* Build configuration list for PBXNativeTarget "GMapUtilsTests" */;
			buildPhases = (
				D3BF3ABD033A724153AB62D8 /* [CP] Check Pods Manifest.lock */,
				F16C956723D5ABD4002A7726 /* Sources */,
				F16C956823D5ABD4002A7726 /* Frameworks */,
				F16C956923D5ABD4002A7726 /* Resources */,
				EAEC6CAABB97B2C821314786 /* [CP] Copy Pods Resources */,
			);
			buildRules = (
			);
			dependencies = (
				F16C956E23D5ABD4002A7726 /* PBXTargetDependency */,
			);
			name = GMapUtilsTests;
			productName = GMapUtilsTests;
			productReference = F16C956B23D5ABD4002A7726 /* GMapUtilsTests.xctest */;
			productType = "com.apple.product-type.bundle.unit-test";
		};
/* End PBXNativeTarget section */

/* Begin PBXProject section */
		F16C955923D5ABD3002A7726 /* Project object */ = {
			isa = PBXProject;
			attributes = {
				LastSwiftUpdateCheck = 1130;
				LastUpgradeCheck = 1130;
				ORGANIZATIONNAME = "UMI Urban Mobilitsy International GmbH";
				TargetAttributes = {
					F16C956123D5ABD3002A7726 = {
						CreatedOnToolsVersion = 11.3.1;
					};
					F16C956A23D5ABD4002A7726 = {
						CreatedOnToolsVersion = 11.3.1;
					};
				};
			};
			buildConfigurationList = F16C955C23D5ABD3002A7726 /* Build configuration list for PBXProject "GMapUtils" */;
			compatibilityVersion = "Xcode 9.3";
			developmentRegion = en;
			hasScannedForEncodings = 0;
			knownRegions = (
				en,
				Base,
			);
			mainGroup = F16C955823D5ABD3002A7726;
			productRefGroup = F16C956323D5ABD3002A7726 /* Products */;
			projectDirPath = "";
			projectRoot = "";
			targets = (
				F16C956123D5ABD3002A7726 /* GMapUtils */,
				F16C956A23D5ABD4002A7726 /* GMapUtilsTests */,
			);
		};
/* End PBXProject section */

/* Begin PBXResourcesBuildPhase section */
		F16C956023D5ABD3002A7726 /* Resources */ = {
			isa = PBXResourcesBuildPhase;
			buildActionMask = 2147483647;
			files = (
			);
			runOnlyForDeploymentPostprocessing = 0;
		};
		F16C956923D5ABD4002A7726 /* Resources */ = {
			isa = PBXResourcesBuildPhase;
			buildActionMask = 2147483647;
			files = (
			);
			runOnlyForDeploymentPostprocessing = 0;
		};
/* End PBXResourcesBuildPhase section */

/* Begin PBXShellScriptBuildPhase section */
		31F17DA561B230C510ADA5A9 /* [CP] Check Pods Manifest.lock */ = {
			isa = PBXShellScriptBuildPhase;
			buildActionMask = 2147483647;
			files = (
			);
			inputFileListPaths = (
			);
			inputPaths = (
				"${PODS_PODFILE_DIR_PATH}/Podfile.lock",
				"${PODS_ROOT}/Manifest.lock",
			);
			name = "[CP] Check Pods Manifest.lock";
			outputFileListPaths = (
			);
			outputPaths = (
				"$(DERIVED_FILE_DIR)/Pods-GMapUtils-checkManifestLockResult.txt",
			);
			runOnlyForDeploymentPostprocessing = 0;
			shellPath = /bin/sh;
			shellScript = "diff \"${PODS_PODFILE_DIR_PATH}/Podfile.lock\" \"${PODS_ROOT}/Manifest.lock\" > /dev/null\nif [ $? != 0 ] ; then\n    # print error to STDERR\n    echo \"error: The sandbox is not in sync with the Podfile.lock. Run 'pod install' or update your CocoaPods installation.\" >&2\n    exit 1\nfi\n# This output is used by Xcode 'outputs' to avoid re-running this script phase.\necho \"SUCCESS\" > \"${SCRIPT_OUTPUT_FILE_0}\"\n";
			showEnvVarsInLog = 0;
		};
		8747CD175731574016F0BE62 /* [CP] Copy Pods Resources */ = {
			isa = PBXShellScriptBuildPhase;
			buildActionMask = 2147483647;
			files = (
			);
			inputFileListPaths = (
				"${PODS_ROOT}/Target Support Files/Pods-GMapUtils/Pods-GMapUtils-resources-${CONFIGURATION}-input-files.xcfilelist",
			);
			name = "[CP] Copy Pods Resources";
			outputFileListPaths = (
				"${PODS_ROOT}/Target Support Files/Pods-GMapUtils/Pods-GMapUtils-resources-${CONFIGURATION}-output-files.xcfilelist",
			);
			runOnlyForDeploymentPostprocessing = 0;
			shellPath = /bin/sh;
			shellScript = "\"${PODS_ROOT}/Target Support Files/Pods-GMapUtils/Pods-GMapUtils-resources.sh\"\n";
			showEnvVarsInLog = 0;
		};
		D3BF3ABD033A724153AB62D8 /* [CP] Check Pods Manifest.lock */ = {
			isa = PBXShellScriptBuildPhase;
			buildActionMask = 2147483647;
			files = (
			);
			inputFileListPaths = (
			);
			inputPaths = (
				"${PODS_PODFILE_DIR_PATH}/Podfile.lock",
				"${PODS_ROOT}/Manifest.lock",
			);
			name = "[CP] Check Pods Manifest.lock";
			outputFileListPaths = (
			);
			outputPaths = (
				"$(DERIVED_FILE_DIR)/Pods-GMapUtils-GMapUtilsTests-checkManifestLockResult.txt",
			);
			runOnlyForDeploymentPostprocessing = 0;
			shellPath = /bin/sh;
			shellScript = "diff \"${PODS_PODFILE_DIR_PATH}/Podfile.lock\" \"${PODS_ROOT}/Manifest.lock\" > /dev/null\nif [ $? != 0 ] ; then\n    # print error to STDERR\n    echo \"error: The sandbox is not in sync with the Podfile.lock. Run 'pod install' or update your CocoaPods installation.\" >&2\n    exit 1\nfi\n# This output is used by Xcode 'outputs' to avoid re-running this script phase.\necho \"SUCCESS\" > \"${SCRIPT_OUTPUT_FILE_0}\"\n";
			showEnvVarsInLog = 0;
		};
		EAEC6CAABB97B2C821314786 /* [CP] Copy Pods Resources */ = {
			isa = PBXShellScriptBuildPhase;
			buildActionMask = 2147483647;
			files = (
			);
			inputFileListPaths = (
				"${PODS_ROOT}/Target Support Files/Pods-GMapUtils-GMapUtilsTests/Pods-GMapUtils-GMapUtilsTests-resources-${CONFIGURATION}-input-files.xcfilelist",
			);
			name = "[CP] Copy Pods Resources";
			outputFileListPaths = (
				"${PODS_ROOT}/Target Support Files/Pods-GMapUtils-GMapUtilsTests/Pods-GMapUtils-GMapUtilsTests-resources-${CONFIGURATION}-output-files.xcfilelist",
			);
			runOnlyForDeploymentPostprocessing = 0;
			shellPath = /bin/sh;
			shellScript = "\"${PODS_ROOT}/Target Support Files/Pods-GMapUtils-GMapUtilsTests/Pods-GMapUtils-GMapUtilsTests-resources.sh\"\n";
			showEnvVarsInLog = 0;
		};
/* End PBXShellScriptBuildPhase section */

/* Begin PBXSourcesBuildPhase section */
		F16C955E23D5ABD3002A7726 /* Sources */ = {
			isa = PBXSourcesBuildPhase;
			buildActionMask = 2147483647;
			files = (
				F16C95E423D5AC19002A7726 /* GMUPoint.m in Sources */,
				F16C95E323D5AC19002A7726 /* GMUStyle.m in Sources */,
				F16C95F623D5AC19002A7726 /* GMUGradient.m in Sources */,
				F16C95EC23D5AC19002A7726 /* GMULineString.m in Sources */,
				F16C95DF23D5AC19002A7726 /* GMUStyleMap.m in Sources */,
				F16C95F823D5AC19002A7726 /* GMUClusterManager.m in Sources */,
				F16C95FF23D5AC19002A7726 /* GMUSimpleClusterAlgorithm.m in Sources */,
				F16C95DB23D5AC19002A7726 /* GMUPlacemark.m in Sources */,
				F16C960B23D5AC19002A7726 /* GMUDefaultClusterIconGenerator.m in Sources */,
				F16C95D623D5AC19002A7726 /* GMUGeometryRenderer.m in Sources */,
				F16C95FB23D5AC19002A7726 /* GMUGridBasedClusterAlgorithm.m in Sources */,
				F16C95D523D5AC19002A7726 /* GMUKMLParser.m in Sources */,
				F16C95CE23D5AC19002A7726 /* GQTPointQuadTree.m in Sources */,
				F16C95E723D5AC19002A7726 /* GMUPair.m in Sources */,
				F16C960923D5AC19002A7726 /* GMUDefaultClusterRenderer.m in Sources */,
				F16C95FE23D5AC19002A7726 /* GMUWrappingDictionaryKey.m in Sources */,
				F16C95E223D5AC19002A7726 /* GMUGroundOverlay.m in Sources */,
				F16C960123D5AC19002A7726 /* GMUNonHierarchicalDistanceBasedAlgorithm.m in Sources */,
				F16C95F323D5AC19002A7726 /* GMUWeightedLatLng.m in Sources */,
				F16C95DC23D5AC19002A7726 /* GMUPolygon.m in Sources */,
				F16C95D023D5AC19002A7726 /* GQTPointQuadTreeChild.m in Sources */,
				F16C95F723D5AC19002A7726 /* GMUHeatmapTileLayer.m in Sources */,
				F16C960E23D5AC19002A7726 /* GMUStaticCluster.m in Sources */,
				F16C95D823D5AC19002A7726 /* GMUGeometryCollection.m in Sources */,
				F16C95E023D5AC19002A7726 /* GMUFeature.m in Sources */,
				F16C95F023D5AC19002A7726 /* GMUGeoJSONParser.m in Sources */,
			);
			runOnlyForDeploymentPostprocessing = 0;
		};
		F16C956723D5ABD4002A7726 /* Sources */ = {
			isa = PBXSourcesBuildPhase;
			buildActionMask = 2147483647;
			files = (
				F16C957123D5ABD4002A7726 /* GMapUtilsTests.swift in Sources */,
			);
			runOnlyForDeploymentPostprocessing = 0;
		};
/* End PBXSourcesBuildPhase section */

/* Begin PBXTargetDependency section */
		F16C956E23D5ABD4002A7726 /* PBXTargetDependency */ = {
			isa = PBXTargetDependency;
			target = F16C956123D5ABD3002A7726 /* GMapUtils */;
			targetProxy = F16C956D23D5ABD4002A7726 /* PBXContainerItemProxy */;
		};
/* End PBXTargetDependency section */

/* Begin XCBuildConfiguration section */
		F16C957423D5ABD4002A7726 /* Debug */ = {
			isa = XCBuildConfiguration;
			buildSettings = {
				ALWAYS_SEARCH_USER_PATHS = NO;
				CLANG_ANALYZER_NONNULL = YES;
				CLANG_ANALYZER_NUMBER_OBJECT_CONVERSION = YES_AGGRESSIVE;
				CLANG_CXX_LANGUAGE_STANDARD = "gnu++14";
				CLANG_CXX_LIBRARY = "libc++";
				CLANG_ENABLE_MODULES = YES;
				CLANG_ENABLE_OBJC_ARC = YES;
				CLANG_ENABLE_OBJC_WEAK = YES;
				CLANG_WARN_BLOCK_CAPTURE_AUTORELEASING = YES;
				CLANG_WARN_BOOL_CONVERSION = YES;
				CLANG_WARN_COMMA = YES;
				CLANG_WARN_CONSTANT_CONVERSION = YES;
				CLANG_WARN_DEPRECATED_OBJC_IMPLEMENTATIONS = YES;
				CLANG_WARN_DIRECT_OBJC_ISA_USAGE = YES_ERROR;
				CLANG_WARN_DOCUMENTATION_COMMENTS = YES;
				CLANG_WARN_EMPTY_BODY = YES;
				CLANG_WARN_ENUM_CONVERSION = YES;
				CLANG_WARN_INFINITE_RECURSION = YES;
				CLANG_WARN_INT_CONVERSION = YES;
				CLANG_WARN_NON_LITERAL_NULL_CONVERSION = YES;
				CLANG_WARN_OBJC_IMPLICIT_RETAIN_SELF = YES;
				CLANG_WARN_OBJC_LITERAL_CONVERSION = YES;
				CLANG_WARN_OBJC_ROOT_CLASS = YES_ERROR;
				CLANG_WARN_RANGE_LOOP_ANALYSIS = YES;
				CLANG_WARN_STRICT_PROTOTYPES = YES;
				CLANG_WARN_SUSPICIOUS_MOVE = YES;
				CLANG_WARN_UNGUARDED_AVAILABILITY = YES_AGGRESSIVE;
				CLANG_WARN_UNREACHABLE_CODE = YES;
				CLANG_WARN__DUPLICATE_METHOD_MATCH = YES;
				COPY_PHASE_STRIP = NO;
				CURRENT_PROJECT_VERSION = 1;
				DEBUG_INFORMATION_FORMAT = dwarf;
				ENABLE_STRICT_OBJC_MSGSEND = YES;
				ENABLE_TESTABILITY = YES;
				GCC_C_LANGUAGE_STANDARD = gnu11;
				GCC_DYNAMIC_NO_PIC = NO;
				GCC_NO_COMMON_BLOCKS = YES;
				GCC_OPTIMIZATION_LEVEL = 0;
				GCC_PREPROCESSOR_DEFINITIONS = (
					"DEBUG=1",
					"$(inherited)",
				);
				GCC_WARN_64_TO_32_BIT_CONVERSION = YES;
				GCC_WARN_ABOUT_RETURN_TYPE = YES_ERROR;
				GCC_WARN_UNDECLARED_SELECTOR = YES;
				GCC_WARN_UNINITIALIZED_AUTOS = YES_AGGRESSIVE;
				GCC_WARN_UNUSED_FUNCTION = YES;
				GCC_WARN_UNUSED_VARIABLE = YES;
				IPHONEOS_DEPLOYMENT_TARGET = 13.2;
				MTL_ENABLE_DEBUG_INFO = INCLUDE_SOURCE;
				MTL_FAST_MATH = YES;
				ONLY_ACTIVE_ARCH = YES;
				SDKROOT = iphoneos;
				SWIFT_ACTIVE_COMPILATION_CONDITIONS = DEBUG;
				SWIFT_OBJC_BRIDGING_HEADER = "GMapUtils-Bridging-Header.h";
				SWIFT_OPTIMIZATION_LEVEL = "-Onone";
				VERSIONING_SYSTEM = "apple-generic";
				VERSION_INFO_PREFIX = "";
			};
			name = Debug;
		};
		F16C957523D5ABD4002A7726 /* Release */ = {
			isa = XCBuildConfiguration;
			buildSettings = {
				ALWAYS_SEARCH_USER_PATHS = NO;
				CLANG_ANALYZER_NONNULL = YES;
				CLANG_ANALYZER_NUMBER_OBJECT_CONVERSION = YES_AGGRESSIVE;
				CLANG_CXX_LANGUAGE_STANDARD = "gnu++14";
				CLANG_CXX_LIBRARY = "libc++";
				CLANG_ENABLE_MODULES = YES;
				CLANG_ENABLE_OBJC_ARC = YES;
				CLANG_ENABLE_OBJC_WEAK = YES;
				CLANG_WARN_BLOCK_CAPTURE_AUTORELEASING = YES;
				CLANG_WARN_BOOL_CONVERSION = YES;
				CLANG_WARN_COMMA = YES;
				CLANG_WARN_CONSTANT_CONVERSION = YES;
				CLANG_WARN_DEPRECATED_OBJC_IMPLEMENTATIONS = YES;
				CLANG_WARN_DIRECT_OBJC_ISA_USAGE = YES_ERROR;
				CLANG_WARN_DOCUMENTATION_COMMENTS = YES;
				CLANG_WARN_EMPTY_BODY = YES;
				CLANG_WARN_ENUM_CONVERSION = YES;
				CLANG_WARN_INFINITE_RECURSION = YES;
				CLANG_WARN_INT_CONVERSION = YES;
				CLANG_WARN_NON_LITERAL_NULL_CONVERSION = YES;
				CLANG_WARN_OBJC_IMPLICIT_RETAIN_SELF = YES;
				CLANG_WARN_OBJC_LITERAL_CONVERSION = YES;
				CLANG_WARN_OBJC_ROOT_CLASS = YES_ERROR;
				CLANG_WARN_RANGE_LOOP_ANALYSIS = YES;
				CLANG_WARN_STRICT_PROTOTYPES = YES;
				CLANG_WARN_SUSPICIOUS_MOVE = YES;
				CLANG_WARN_UNGUARDED_AVAILABILITY = YES_AGGRESSIVE;
				CLANG_WARN_UNREACHABLE_CODE = YES;
				CLANG_WARN__DUPLICATE_METHOD_MATCH = YES;
				COPY_PHASE_STRIP = NO;
				CURRENT_PROJECT_VERSION = 1;
				DEBUG_INFORMATION_FORMAT = "dwarf-with-dsym";
				ENABLE_NS_ASSERTIONS = NO;
				ENABLE_STRICT_OBJC_MSGSEND = YES;
				GCC_C_LANGUAGE_STANDARD = gnu11;
				GCC_NO_COMMON_BLOCKS = YES;
				GCC_WARN_64_TO_32_BIT_CONVERSION = YES;
				GCC_WARN_ABOUT_RETURN_TYPE = YES_ERROR;
				GCC_WARN_UNDECLARED_SELECTOR = YES;
				GCC_WARN_UNINITIALIZED_AUTOS = YES_AGGRESSIVE;
				GCC_WARN_UNUSED_FUNCTION = YES;
				GCC_WARN_UNUSED_VARIABLE = YES;
				IPHONEOS_DEPLOYMENT_TARGET = 13.2;
				MTL_ENABLE_DEBUG_INFO = NO;
				MTL_FAST_MATH = YES;
				SDKROOT = iphoneos;
				SWIFT_COMPILATION_MODE = wholemodule;
				SWIFT_OBJC_BRIDGING_HEADER = "GMapUtils-Bridging-Header.h";
				SWIFT_OPTIMIZATION_LEVEL = "-O";
				VALIDATE_PRODUCT = YES;
				VERSIONING_SYSTEM = "apple-generic";
				VERSION_INFO_PREFIX = "";
			};
			name = Release;
		};
		F16C957723D5ABD4002A7726 /* Debug */ = {
			isa = XCBuildConfiguration;
			baseConfigurationReference = FD84657B5793D869F2C722F9 /* Pods-GMapUtils.debug.xcconfig */;
			buildSettings = {
				CODE_SIGN_STYLE = Automatic;
				DEFINES_MODULE = YES;
				DEVELOPMENT_TEAM = 69Z3N5R24D;
				DYLIB_COMPATIBILITY_VERSION = 1;
				DYLIB_CURRENT_VERSION = 1;
				DYLIB_INSTALL_NAME_BASE = "@rpath";
				INFOPLIST_FILE = GMapUtils/Info.plist;
				INSTALL_PATH = "$(LOCAL_LIBRARY_DIR)/Frameworks";
				LD_RUNPATH_SEARCH_PATHS = (
					"$(inherited)",
					"@executable_path/Frameworks",
					"@loader_path/Frameworks",
				);
				PRODUCT_BUNDLE_IDENTIFIER = com.we.weshare.GMapUtils;
				PRODUCT_NAME = "$(TARGET_NAME:c99extidentifier)";
				SKIP_INSTALL = YES;
				SUPPORTS_MACCATALYST = NO;
				SWIFT_VERSION = 5.0;
				TARGETED_DEVICE_FAMILY = 1;
			};
			name = Debug;
		};
		F16C957823D5ABD4002A7726 /* Release */ = {
			isa = XCBuildConfiguration;
			baseConfigurationReference = 1DD9F5BE60F7BC7C7AFA56FA /* Pods-GMapUtils.release.xcconfig */;
			buildSettings = {
				CODE_SIGN_STYLE = Automatic;
				DEFINES_MODULE = YES;
				DEVELOPMENT_TEAM = 69Z3N5R24D;
				DYLIB_COMPATIBILITY_VERSION = 1;
				DYLIB_CURRENT_VERSION = 1;
				DYLIB_INSTALL_NAME_BASE = "@rpath";
				INFOPLIST_FILE = GMapUtils/Info.plist;
				INSTALL_PATH = "$(LOCAL_LIBRARY_DIR)/Frameworks";
				LD_RUNPATH_SEARCH_PATHS = (
					"$(inherited)",
					"@executable_path/Frameworks",
					"@loader_path/Frameworks",
				);
				PRODUCT_BUNDLE_IDENTIFIER = com.we.weshare.GMapUtils;
				PRODUCT_NAME = "$(TARGET_NAME:c99extidentifier)";
				SKIP_INSTALL = YES;
				SUPPORTS_MACCATALYST = NO;
				SWIFT_VERSION = 5.0;
				TARGETED_DEVICE_FAMILY = 1;
			};
			name = Release;
		};
		F16C957A23D5ABD4002A7726 /* Debug */ = {
			isa = XCBuildConfiguration;
			baseConfigurationReference = 5D4EC19E92598BCD3D850CFE /* Pods-GMapUtils-GMapUtilsTests.debug.xcconfig */;
			buildSettings = {
				CODE_SIGN_STYLE = Automatic;
				DEVELOPMENT_TEAM = 69Z3N5R24D;
				INFOPLIST_FILE = GMapUtilsTests/Info.plist;
				LD_RUNPATH_SEARCH_PATHS = (
					"$(inherited)",
					"@executable_path/Frameworks",
					"@loader_path/Frameworks",
				);
				PRODUCT_BUNDLE_IDENTIFIER = com.we.weshare.GMapUtilsTests;
				PRODUCT_NAME = "$(TARGET_NAME)";
				SWIFT_VERSION = 5.0;
				TARGETED_DEVICE_FAMILY = "1,2";
			};
			name = Debug;
		};
		F16C957B23D5ABD4002A7726 /* Release */ = {
			isa = XCBuildConfiguration;
			baseConfigurationReference = 2FC75CD3DED951628A09CCAF /* Pods-GMapUtils-GMapUtilsTests.release.xcconfig */;
			buildSettings = {
				CODE_SIGN_STYLE = Automatic;
				DEVELOPMENT_TEAM = 69Z3N5R24D;
				INFOPLIST_FILE = GMapUtilsTests/Info.plist;
				LD_RUNPATH_SEARCH_PATHS = (
					"$(inherited)",
					"@executable_path/Frameworks",
					"@loader_path/Frameworks",
				);
				PRODUCT_BUNDLE_IDENTIFIER = com.we.weshare.GMapUtilsTests;
				PRODUCT_NAME = "$(TARGET_NAME)";
				SWIFT_VERSION = 5.0;
				TARGETED_DEVICE_FAMILY = "1,2";
			};
			name = Release;
		};
/* End XCBuildConfiguration section */

/* Begin XCConfigurationList section */
		F16C955C23D5ABD3002A7726 /* Build configuration list for PBXProject "GMapUtils" */ = {
			isa = XCConfigurationList;
			buildConfigurations = (
				F16C957423D5ABD4002A7726 /* Debug */,
				F16C957523D5ABD4002A7726 /* Release */,
			);
			defaultConfigurationIsVisible = 0;
			defaultConfigurationName = Release;
		};
		F16C957623D5ABD4002A7726 /* Build configuration list for PBXNativeTarget "GMapUtils" */ = {
			isa = XCConfigurationList;
			buildConfigurations = (
				F16C957723D5ABD4002A7726 /* Debug */,
				F16C957823D5ABD4002A7726 /* Release */,
			);
			defaultConfigurationIsVisible = 0;
			defaultConfigurationName = Release;
		};
		F16C957923D5ABD4002A7726 /* Build configuration list for PBXNativeTarget "GMapUtilsTests" */ = {
			isa = XCConfigurationList;
			buildConfigurations = (
				F16C957A23D5ABD4002A7726 /* Debug */,
				F16C957B23D5ABD4002A7726 /* Release */,
			);
			defaultConfigurationIsVisible = 0;
			defaultConfigurationName = Release;
		};
/* End XCConfigurationList section */
	};
	rootObject = F16C955923D5ABD3002A7726 /* Project object */;
}
